
Microsoft Visual Studio Solution File, Format Version 12.00
# Visual Studio Version 17
VisualStudioVersion = 17.14.36408.4 d17.14
MinimumVisualStudioVersion = 10.0.40219.1
Project("{FAE04EC0-301F-11D3-BF4B-00C04F79EFBC}") = "EditarPDFCuentasPorPagar", "EditarPDFCuentasPorPagar\EditarPDFCuentasPorPagar.csproj", "{7ABD51BA-BE43-44B9-9FD9-22C27E7B514B}"
EndProject
Global
	GlobalSection(SolutionConfigurationPlatforms) = preSolution
		Debug|Any CPU = Debug|Any CPU
		Release|Any CPU = Release|Any CPU
	EndGlobalSection
	GlobalSection(ProjectConfigurationPlatforms) = postSolution
		{7ABD51BA-BE43-44B9-9FD9-22C27E7B514B}.Debug|Any CPU.ActiveCfg = Debug|Any CPU
		{7ABD51BA-BE43-44B9-9FD9-22C27E7B514B}.Debug|Any CPU.Build.0 = Debug|Any CPU
		{7ABD51BA-BE43-44B9-9FD9-22C27E7B514B}.Release|Any CPU.ActiveCfg = Release|Any CPU
		{7ABD51BA-BE43-44B9-9FD9-22C27E7B514B}.Release|Any CPU.Build.0 = Release|Any CPU
	EndGlobalSection
	GlobalSection(SolutionProperties) = preSolution
		HideSolutionNode = FALSE
	EndGlobalSection
	GlobalSection(ExtensibilityGlobals) = postSolution
		SolutionGuid = {C30540C4-904E-4806-A394-E249E50F1906}
	EndGlobalSection
EndGlobal
